{
  "name": "Sorteio Saiury",
  "lockfileVersion": 3,
  "requires": true,
  "packages": {
    "": {
      "dependencies": {
        "ipware": "^2.0.0"
      }
    },
    "node_modules/ipware": {
      "version": "2.0.0",
      "resolved": "https://registry.npmjs.org/ipware/-/ipware-2.0.0.tgz",
      "integrity": "sha512-xOqLoYyWIBcO6ANVZK7GgnuH9V7wbqDf6/MrRi4I+Ae1A11m6jcaNRtMSezypkupRUjiSSLq3F/DTvAM1cZfQw=="
    }
  }
}
